
Microsoft Visual Studio Solution File, Format Version 12.00
# Visual Studio 2013
VisualStudioVersion = 12.0.31101.0
MinimumVisualStudioVersion = 10.0.40219.1
Project("{FAE04EC0-301F-11D3-BF4B-00C04F79EFBC}") = "SpendThriftWebsite", "SpendThriftWebsite\SpendThriftWebsite.csproj", "{095E034C-D5E8-4A2F-9FA9-C35442AD69ED}"
EndProject
Project("{FAE04EC0-301F-11D3-BF4B-00C04F79EFBC}") = "SpendThriftModel", "SpendThriftModel\SpendThriftModel.csproj", "{28A84D00-F0B1-4AF6-9D1F-4BE955B93690}"
EndProject
Global
	GlobalSection(SolutionConfigurationPlatforms) = preSolution
		Debug|Any CPU = Debug|Any CPU
		Release|Any CPU = Release|Any CPU
	EndGlobalSection
	GlobalSection(ProjectConfigurationPlatforms) = postSolution
		{095E034C-D5E8-4A2F-9FA9-C35442AD69ED}.Debug|Any CPU.ActiveCfg = Debug|Any CPU
		{095E034C-D5E8-4A2F-9FA9-C35442AD69ED}.Debug|Any CPU.Build.0 = Debug|Any CPU
		{095E034C-D5E8-4A2F-9FA9-C35442AD69ED}.Release|Any CPU.ActiveCfg = Release|Any CPU
		{095E034C-D5E8-4A2F-9FA9-C35442AD69ED}.Release|Any CPU.Build.0 = Release|Any CPU
		{28A84D00-F0B1-4AF6-9D1F-4BE955B93690}.Debug|Any CPU.ActiveCfg = Debug|Any CPU
		{28A84D00-F0B1-4AF6-9D1F-4BE955B93690}.Debug|Any CPU.Build.0 = Debug|Any CPU
		{28A84D00-F0B1-4AF6-9D1F-4BE955B93690}.Release|Any CPU.ActiveCfg = Release|Any CPU
		{28A84D00-F0B1-4AF6-9D1F-4BE955B93690}.Release|Any CPU.Build.0 = Release|Any CPU
	EndGlobalSection
	GlobalSection(SolutionProperties) = preSolution
		HideSolutionNode = FALSE
	EndGlobalSection
EndGlobal
